// !$*UTF8*$!
{
	archiveVersion = 1;
	classes = {
	};
	objectVersion = 46;
	objects = {

/* Begin PBXBuildFile section */
		BC9934A91B183D9000080DD4 /* main.m in Sources */ = {isa = PBXBuildFile; fileRef = BC9934A81B183D9000080DD4 /* main.m */; };
		BC9934AC1B183D9000080DD4 /* AppDelegate.m in Sources */ = {isa = PBXBuildFile; fileRef = BC9934AB1B183D9000080DD4 /* AppDelegate.m */; };
		BC9934AF1B183D9000080DD4 /* ViewController.m in Sources */ = {isa = PBXBuildFile; fileRef = BC9934AE1B183D9000080DD4 /* ViewController.m */; };
		BC9934B21B183D9000080DD4 /* Main.storyboard in Resources */ = {isa = PBXBuildFile; fileRef = BC9934B01B183D9000080DD4 /* Main.storyboard */; };
		BC9934B41B183D9000080DD4 /* Images.xcassets in Resources */ = {isa = PBXBuildFile; fileRef = BC9934B31B183D9000080DD4 /* Images.xcassets */; };
		BC9934B71B183D9000080DD4 /* LaunchScreen.xib in Resources */ = {isa = PBXBuildFile; fileRef = BC9934B51B183D9000080DD4 /* LaunchScreen.xib */; };
		BC9934C31B183D9000080DD4 /* MRC_____Tests.m in Sources */ = {isa = PBXBuildFile; fileRef = BC9934C21B183D9000080DD4 /* MRC_____Tests.m */; };
		BC9934D11B183E6B00080DD4 /* InfoController.m in Sources */ = {isa = PBXBuildFile; fileRef = BC9934D01B183E6B00080DD4 /* InfoController.m */; };
		BC9934D41B183E7800080DD4 /* AnswerController.m in Sources */ = {isa = PBXBuildFile; fileRef = BC9934D31B183E7800080DD4 /* AnswerController.m */; };
		BC9934D71B183E9D00080DD4 /* TweetController.m in Sources */ = {isa = PBXBuildFile; fileRef = BC9934D61B183E9D00080DD4 /* TweetController.m */; };
		BC9934DA1B183EC100080DD4 /* MineController.m in Sources */ = {isa = PBXBuildFile; fileRef = BC9934D91B183EC100080DD4 /* MineController.m */; };
		BC9934DD1B183EE200080DD4 /* MoreController.m in Sources */ = {isa = PBXBuildFile; fileRef = BC9934DC1B183EE200080DD4 /* MoreController.m */; };
		BC9934E41B18408100080DD4 /* active@2x.png in Resources */ = {isa = PBXBuildFile; fileRef = BC9934DF1B18408100080DD4 /* active@2x.png */; };
		BC9934E51B18408100080DD4 /* answer@2x.png in Resources */ = {isa = PBXBuildFile; fileRef = BC9934E01B18408100080DD4 /* answer@2x.png */; };
		BC9934E61B18408100080DD4 /* info@2x.png in Resources */ = {isa = PBXBuildFile; fileRef = BC9934E11B18408100080DD4 /* info@2x.png */; };
		BC9934E71B18408100080DD4 /* more@2x.png in Resources */ = {isa = PBXBuildFile; fileRef = BC9934E21B18408100080DD4 /* more@2x.png */; };
		BC9934E81B18408100080DD4 /* tweet@2x.png in Resources */ = {isa = PBXBuildFile; fileRef = BC9934E31B18408100080DD4 /* tweet@2x.png */; };
		BC9934EB1B18495200080DD4 /* TweetModel.m in Sources */ = {isa = PBXBuildFile; fileRef = BC9934EA1B18495200080DD4 /* TweetModel.m */; };
		BC9934EF1B1849B800080DD4 /* GDataXMLNode.m in Sources */ = {isa = PBXBuildFile; fileRef = BC9934EE1B1849B800080DD4 /* GDataXMLNode.m */; };
		BC9934F11B184A0200080DD4 /* libxml2.dylib in Frameworks */ = {isa = PBXBuildFile; fileRef = BC9934F01B184A0200080DD4 /* libxml2.dylib */; };
/* End PBXBuildFile section */

/* Begin PBXContainerItemProxy section */
		BC9934BD1B183D9000080DD4 /* PBXContainerItemProxy */ = {
			isa = PBXContainerItemProxy;
			containerPortal = BC99349B1B183D9000080DD4 /* Project object */;
			proxyType = 1;
			remoteGlobalIDString = BC9934A21B183D9000080DD4;
			remoteInfo = "MRC_开源中国";
		};
/* End PBXContainerItemProxy section */

/* Begin PBXFileReference section */
		BC9934A31B183D9000080DD4 /* MRC_开源中国.app */ = {isa = PBXFileReference; explicitFileType = wrapper.application; includeInIndex = 0; path = "MRC_开源中国.app"; sourceTree = BUILT_PRODUCTS_DIR; };
		BC9934A71B183D9000080DD4 /* Info.plist */ = {isa = PBXFileReference; lastKnownFileType = text.plist.xml; path = Info.plist; sourceTree = "<group>"; };
		BC9934A81B183D9000080DD4 /* main.m */ = {isa = PBXFileReference; lastKnownFileType = sourcecode.c.objc; path = main.m; sourceTree = "<group>"; };
		BC9934AA1B183D9000080DD4 /* AppDelegate.h */ = {isa = PBXFileReference; lastKnownFileType = sourcecode.c.h; path = AppDelegate.h; sourceTree = "<group>"; };
		BC9934AB1B183D9000080DD4 /* AppDelegate.m */ = {isa = PBXFileReference; lastKnownFileType = sourcecode.c.objc; path = AppDelegate.m; sourceTree = "<group>"; };
		BC9934AD1B183D9000080DD4 /* ViewController.h */ = {isa = PBXFileReference; lastKnownFileType = sourcecode.c.h; path = ViewController.h; sourceTree = "<group>"; };
		BC9934AE1B183D9000080DD4 /* ViewController.m */ = {isa = PBXFileReference; lastKnownFileType = sourcecode.c.objc; path = ViewController.m; sourceTree = "<group>"; };
		BC9934B11B183D9000080DD4 /* Base */ = {isa = PBXFileReference; lastKnownFileType = file.storyboard; name = Base; path = Base.lproj/Main.storyboard; sourceTree = "<group>"; };
		BC9934B31B183D9000080DD4 /* Images.xcassets */ = {isa = PBXFileReference; lastKnownFileType = folder.assetcatalog; path = Images.xcassets; sourceTree = "<group>"; };
		BC9934B61B183D9000080DD4 /* Base */ = {isa = PBXFileReference; lastKnownFileType = file.xib; name = Base; path = Base.lproj/LaunchScreen.xib; sourceTree = "<group>"; };
		BC9934BC1B183D9000080DD4 /* MRC_开源中国Tests.xctest */ = {isa = PBXFileReference; explicitFileType = wrapper.cfbundle; includeInIndex = 0; path = "MRC_开源中国Tests.xctest"; sourceTree = BUILT_PRODUCTS_DIR; };
		BC9934C11B183D9000080DD4 /* Info.plist */ = {isa = PBXFileReference; lastKnownFileType = text.plist.xml; path = Info.plist; sourceTree = "<group>"; };
		BC9934C21B183D9000080DD4 /* MRC_____Tests.m */ = {isa = PBXFileReference; lastKnownFileType = sourcecode.c.objc; path = "MRC_____Tests.m"; sourceTree = "<group>"; };
		BC9934CF1B183E6B00080DD4 /* InfoController.h */ = {isa = PBXFileReference; fileEncoding = 4; lastKnownFileType = sourcecode.c.h; path = InfoController.h; sourceTree = "<group>"; };
		BC9934D01B183E6B00080DD4 /* InfoController.m */ = {isa = PBXFileReference; fileEncoding = 4; lastKnownFileType = sourcecode.c.objc; path = InfoController.m; sourceTree = "<group>"; };
		BC9934D21B183E7800080DD4 /* AnswerController.h */ = {isa = PBXFileReference; fileEncoding = 4; lastKnownFileType = sourcecode.c.h; path = AnswerController.h; sourceTree = "<group>"; };
		BC9934D31B183E7800080DD4 /* AnswerController.m */ = {isa = PBXFileReference; fileEncoding = 4; lastKnownFileType = sourcecode.c.objc; path = AnswerController.m; sourceTree = "<group>"; };
		BC9934D51B183E9D00080DD4 /* TweetController.h */ = {isa = PBXFileReference; fileEncoding = 4; lastKnownFileType = sourcecode.c.h; path = TweetController.h; sourceTree = "<group>"; };
		BC9934D61B183E9D00080DD4 /* TweetController.m */ = {isa = PBXFileReference; fileEncoding = 4; lastKnownFileType = sourcecode.c.objc; path = TweetController.m; sourceTree = "<group>"; };
		BC9934D81B183EC100080DD4 /* MineController.h */ = {isa = PBXFileReference; fileEncoding = 4; lastKnownFileType = sourcecode.c.h; path = MineController.h; sourceTree = "<group>"; };
		BC9934D91B183EC100080DD4 /* MineController.m */ = {isa = PBXFileReference; fileEncoding = 4; lastKnownFileType = sourcecode.c.objc; path = MineController.m; sourceTree = "<group>"; };
		BC9934DB1B183EE200080DD4 /* MoreController.h */ = {isa = PBXFileReference; fileEncoding = 4; lastKnownFileType = sourcecode.c.h; path = MoreController.h; sourceTree = "<group>"; };
		BC9934DC1B183EE200080DD4 /* MoreController.m */ = {isa = PBXFileReference; fileEncoding = 4; lastKnownFileType = sourcecode.c.objc; path = MoreController.m; sourceTree = "<group>"; };
		BC9934DF1B18408100080DD4 /* active@2x.png */ = {isa = PBXFileReference; lastKnownFileType = image.png; path = "active@2x.png"; sourceTree = "<group>"; };
		BC9934E01B18408100080DD4 /* answer@2x.png */ = {isa = PBXFileReference; lastKnownFileType = image.png; path = "answer@2x.png"; sourceTree = "<group>"; };
		BC9934E11B18408100080DD4 /* info@2x.png */ = {isa = PBXFileReference; lastKnownFileType = image.png; path = "info@2x.png"; sourceTree = "<group>"; };
		BC9934E21B18408100080DD4 /* more@2x.png */ = {isa = PBXFileReference; lastKnownFileType = image.png; path = "more@2x.png"; sourceTree = "<group>"; };
		BC9934E31B18408100080DD4 /* tweet@2x.png */ = {isa = PBXFileReference; lastKnownFileType = image.png; path = "tweet@2x.png"; sourceTree = "<group>"; };
		BC9934E91B18495200080DD4 /* TweetModel.h */ = {isa = PBXFileReference; fileEncoding = 4; lastKnownFileType = sourcecode.c.h; path = TweetModel.h; sourceTree = "<group>"; };
		BC9934EA1B18495200080DD4 /* TweetModel.m */ = {isa = PBXFileReference; fileEncoding = 4; lastKnownFileType = sourcecode.c.objc; path = TweetModel.m; sourceTree = "<group>"; };
		BC9934ED1B1849B800080DD4 /* GDataXMLNode.h */ = {isa = PBXFileReference; fileEncoding = 4; lastKnownFileType = sourcecode.c.h; path = GDataXMLNode.h; sourceTree = "<group>"; };
		BC9934EE1B1849B800080DD4 /* GDataXMLNode.m */ = {isa = PBXFileReference; fileEncoding = 4; lastKnownFileType = sourcecode.c.objc; path = GDataXMLNode.m; sourceTree = "<group>"; };
		BC9934F01B184A0200080DD4 /* libxml2.dylib */ = {isa = PBXFileReference; lastKnownFileType = "compiled.mach-o.dylib"; name = libxml2.dylib; path = usr/lib/libxml2.dylib; sourceTree = SDKROOT; };
/* End PBXFileReference section */

/* Begin PBXFrameworksBuildPhase section */
		BC9934A01B183D9000080DD4 /* Frameworks */ = {
			isa = PBXFrameworksBuildPhase;
			buildActionMask = 2147483647;
			files = (
				BC9934F11B184A0200080DD4 /* libxml2.dylib in Frameworks */,
			);
			runOnlyForDeploymentPostprocessing = 0;
		};
		BC9934B91B183D9000080DD4 /* Frameworks */ = {
			isa = PBXFrameworksBuildPhase;
			buildActionMask = 2147483647;
			files = (
			);
			runOnlyForDeploymentPostprocessing = 0;
		};
/* End PBXFrameworksBuildPhase section */

/* Begin PBXGroup section */
		BC99349A1B183D9000080DD4 = {
			isa = PBXGroup;
			children = (
				BC9934F01B184A0200080DD4 /* libxml2.dylib */,
				BC9934EC1B1849B800080DD4 /* GData */,
				BC9934DE1B18408100080DD4 /* tabbar */,
				BC9934A51B183D9000080DD4 /* MRC_开源中国 */,
				BC9934BF1B183D9000080DD4 /* MRC_开源中国Tests */,
				BC9934A41B183D9000080DD4 /* Products */,
			);
			sourceTree = "<group>";
		};
		BC9934A41B183D9000080DD4 /* Products */ = {
			isa = PBXGroup;
			children = (
				BC9934A31B183D9000080DD4 /* MRC_开源中国.app */,
				BC9934BC1B183D9000080DD4 /* MRC_开源中国Tests.xctest */,
			);
			name = Products;
			sourceTree = "<group>";
		};
		BC9934A51B183D9000080DD4 /* MRC_开源中国 */ = {
			isa = PBXGroup;
			children = (
				BC9934AA1B183D9000080DD4 /* AppDelegate.h */,
				BC9934AB1B183D9000080DD4 /* AppDelegate.m */,
				BC9934AD1B183D9000080DD4 /* ViewController.h */,
				BC9934AE1B183D9000080DD4 /* ViewController.m */,
				BC9934CF1B183E6B00080DD4 /* InfoController.h */,
				BC9934D01B183E6B00080DD4 /* InfoController.m */,
				BC9934D21B183E7800080DD4 /* AnswerController.h */,
				BC9934D31B183E7800080DD4 /* AnswerController.m */,
				BC9934D51B183E9D00080DD4 /* TweetController.h */,
				BC9934D61B183E9D00080DD4 /* TweetController.m */,
				BC9934D81B183EC100080DD4 /* MineController.h */,
				BC9934D91B183EC100080DD4 /* MineController.m */,
				BC9934DB1B183EE200080DD4 /* MoreController.h */,
				BC9934DC1B183EE200080DD4 /* MoreController.m */,
				BC9934E91B18495200080DD4 /* TweetModel.h */,
				BC9934EA1B18495200080DD4 /* TweetModel.m */,
				BC9934B01B183D9000080DD4 /* Main.storyboard */,
				BC9934B31B183D9000080DD4 /* Images.xcassets */,
				BC9934B51B183D9000080DD4 /* LaunchScreen.xib */,
				BC9934A61B183D9000080DD4 /* Supporting Files */,
			);
			path = "MRC_开源中国";
			sourceTree = "<group>";
		};
		BC9934A61B183D9000080DD4 /* Supporting Files */ = {
			isa = PBXGroup;
			children = (
				BC9934A71B183D9000080DD4 /* Info.plist */,
				BC9934A81B183D9000080DD4 /* main.m */,
			);
			name = "Supporting Files";
			sourceTree = "<group>";
		};
		BC9934BF1B183D9000080DD4 /* MRC_开源中国Tests */ = {
			isa = PBXGroup;
			children = (
				BC9934C21B183D9000080DD4 /* MRC_____Tests.m */,
				BC9934C01B183D9000080DD4 /* Supporting Files */,
			);
			path = "MRC_开源中国Tests";
			sourceTree = "<group>";
		};
		BC9934C01B183D9000080DD4 /* Supporting Files */ = {
			isa = PBXGroup;
			children = (
				BC9934C11B183D9000080DD4 /* Info.plist */,
			);
			name = "Supporting Files";
			sourceTree = "<group>";
		};
		BC9934DE1B18408100080DD4 /* tabbar */ = {
			isa = PBXGroup;
			children = (
				BC9934DF1B18408100080DD4 /* active@2x.png */,
				BC9934E01B18408100080DD4 /* answer@2x.png */,
				BC9934E11B18408100080DD4 /* info@2x.png */,
				BC9934E21B18408100080DD4 /* more@2x.png */,
				BC9934E31B18408100080DD4 /* tweet@2x.png */,
			);
			name = tabbar;
			path = "MRC_开源中国/tabbar";
			sourceTree = "<group>";
		};
		BC9934EC1B1849B800080DD4 /* GData */ = {
			isa = PBXGroup;
			children = (
				BC9934ED1B1849B800080DD4 /* GDataXMLNode.h */,
				BC9934EE1B1849B800080DD4 /* GDataXMLNode.m */,
			);
			path = GData;
			sourceTree = "<group>";
		};
/* End PBXGroup section */

/* Begin PBXNativeTarget section */
		BC9934A21B183D9000080DD4 /* MRC_开源中国 */ = {
			isa = PBXNativeTarget;
			buildConfigurationList = BC9934C61B183D9000080DD4 /* Build configuration list for PBXNativeTarget "MRC_开源中国" */;
			buildPhases = (
				BC99349F1B183D9000080DD4 /* Sources */,
				BC9934A01B183D9000080DD4 /* Frameworks */,
				BC9934A11B183D9000080DD4 /* Resources */,
			);
			buildRules = (
			);
			dependencies = (
			);
			name = "MRC_开源中国";
			productName = "MRC_开源中国";
			productReference = BC9934A31B183D9000080DD4 /* MRC_开源中国.app */;
			productType = "com.apple.product-type.application";
		};
		BC9934BB1B183D9000080DD4 /* MRC_开源中国Tests */ = {
			isa = PBXNativeTarget;
			buildConfigurationList = BC9934C91B183D9000080DD4 /* Build configuration list for PBXNativeTarget "MRC_开源中国Tests" */;
			buildPhases = (
				BC9934B81B183D9000080DD4 /* Sources */,
				BC9934B91B183D9000080DD4 /* Frameworks */,
				BC9934BA1B183D9000080DD4 /* Resources */,
			);
			buildRules = (
			);
			dependencies = (
				BC9934BE1B183D9000080DD4 /* PBXTargetDependency */,
			);
			name = "MRC_开源中国Tests";
			productName = "MRC_开源中国Tests";
			productReference = BC9934BC1B183D9000080DD4 /* MRC_开源中国Tests.xctest */;
			productType = "com.apple.product-type.bundle.unit-test";
		};
/* End PBXNativeTarget section */

/* Begin PBXProject section */
		BC99349B1B183D9000080DD4 /* Project object */ = {
			isa = PBXProject;
			attributes = {
				LastUpgradeCheck = 0630;
				ORGANIZATIONNAME = "峰哥哥-.-";
				TargetAttributes = {
					BC9934A21B183D9000080DD4 = {
						CreatedOnToolsVersion = 6.3;
					};
					BC9934BB1B183D9000080DD4 = {
						CreatedOnToolsVersion = 6.3;
						TestTargetID = BC9934A21B183D9000080DD4;
					};
				};
			};
			buildConfigurationList = BC99349E1B183D9000080DD4 /* Build configuration list for PBXProject "MRC_开源中国" */;
			compatibilityVersion = "Xcode 3.2";
			developmentRegion = English;
			hasScannedForEncodings = 0;
			knownRegions = (
				en,
				Base,
			);
			mainGroup = BC99349A1B183D9000080DD4;
			productRefGroup = BC9934A41B183D9000080DD4 /* Products */;
			projectDirPath = "";
			projectRoot = "";
			targets = (
				BC9934A21B183D9000080DD4 /* MRC_开源中国 */,
				BC9934BB1B183D9000080DD4 /* MRC_开源中国Tests */,
			);
		};
/* End PBXProject section */

/* Begin PBXResourcesBuildPhase section */
		BC9934A11B183D9000080DD4 /* Resources */ = {
			isa = PBXResourcesBuildPhase;
			buildActionMask = 2147483647;
			files = (
				BC9934E61B18408100080DD4 /* info@2x.png in Resources */,
				BC9934E51B18408100080DD4 /* answer@2x.png in Resources */,
				BC9934E81B18408100080DD4 /* tweet@2x.png in Resources */,
				BC9934B21B183D9000080DD4 /* Main.storyboard in Resources */,
				BC9934B71B183D9000080DD4 /* LaunchScreen.xib in Resources */,
				BC9934E41B18408100080DD4 /* active@2x.png in Resources */,
				BC9934B41B183D9000080DD4 /* Images.xcassets in Resources */,
				BC9934E71B18408100080DD4 /* more@2x.png in Resources */,
			);
			runOnlyForDeploymentPostprocessing = 0;
		};
		BC9934BA1B183D9000080DD4 /* Resources */ = {
			isa = PBXResourcesBuildPhase;
			buildActionMask = 2147483647;
			files = (
			);
			runOnlyForDeploymentPostprocessing = 0;
		};
/* End PBXResourcesBuildPhase section */

/* Begin PBXSourcesBuildPhase section */
		BC99349F1B183D9000080DD4 /* Sources */ = {
			isa = PBXSourcesBuildPhase;
			buildActionMask = 2147483647;
			files = (
				BC9934AF1B183D9000080DD4 /* ViewController.m in Sources */,
				BC9934D71B183E9D00080DD4 /* TweetController.m in Sources */,
				BC9934DD1B183EE200080DD4 /* MoreController.m in Sources */,
				BC9934AC1B183D9000080DD4 /* AppDelegate.m in Sources */,
				BC9934EB1B18495200080DD4 /* TweetModel.m in Sources */,
				BC9934A91B183D9000080DD4 /* main.m in Sources */,
				BC9934D41B183E7800080DD4 /* AnswerController.m in Sources */,
				BC9934EF1B1849B800080DD4 /* GDataXMLNode.m in Sources */,
				BC9934D11B183E6B00080DD4 /* InfoController.m in Sources */,
				BC9934DA1B183EC100080DD4 /* MineController.m in Sources */,
			);
			runOnlyForDeploymentPostprocessing = 0;
		};
		BC9934B81B183D9000080DD4 /* Sources */ = {
			isa = PBXSourcesBuildPhase;
			buildActionMask = 2147483647;
			files = (
				BC9934C31B183D9000080DD4 /* MRC_____Tests.m in Sources */,
			);
			runOnlyForDeploymentPostprocessing = 0;
		};
/* End PBXSourcesBuildPhase section */

/* Begin PBXTargetDependency section */
		BC9934BE1B183D9000080DD4 /* PBXTargetDependency */ = {
			isa = PBXTargetDependency;
			target = BC9934A21B183D9000080DD4 /* MRC_开源中国 */;
			targetProxy = BC9934BD1B183D9000080DD4 /* PBXContainerItemProxy */;
		};
/* End PBXTargetDependency section */

/* Begin PBXVariantGroup section */
		BC9934B01B183D9000080DD4 /* Main.storyboard */ = {
			isa = PBXVariantGroup;
			children = (
				BC9934B11B183D9000080DD4 /* Base */,
			);
			name = Main.storyboard;
			sourceTree = "<group>";
		};
		BC9934B51B183D9000080DD4 /* LaunchScreen.xib */ = {
			isa = PBXVariantGroup;
			children = (
				BC9934B61B183D9000080DD4 /* Base */,
			);
			name = LaunchScreen.xib;
			sourceTree = "<group>";
		};
/* End PBXVariantGroup section */

/* Begin XCBuildConfiguration section */
		BC9934C41B183D9000080DD4 /* Debug */ = {
			isa = XCBuildConfiguration;
			buildSettings = {
				ALWAYS_SEARCH_USER_PATHS = NO;
				CLANG_CXX_LANGUAGE_STANDARD = "gnu++0x";
				CLANG_CXX_LIBRARY = "libc++";
				CLANG_ENABLE_MODULES = YES;
				CLANG_ENABLE_OBJC_ARC = NO;
				CLANG_WARN_BOOL_CONVERSION = YES;
				CLANG_WARN_CONSTANT_CONVERSION = YES;
				CLANG_WARN_DIRECT_OBJC_ISA_USAGE = YES_ERROR;
				CLANG_WARN_EMPTY_BODY = YES;
				CLANG_WARN_ENUM_CONVERSION = YES;
				CLANG_WARN_INT_CONVERSION = YES;
				CLANG_WARN_OBJC_ROOT_CLASS = YES_ERROR;
				CLANG_WARN_UNREACHABLE_CODE = YES;
				CLANG_WARN__DUPLICATE_METHOD_MATCH = YES;
				"CODE_SIGN_IDENTITY[sdk=iphoneos*]" = "iPhone Developer";
				COPY_PHASE_STRIP = NO;
				DEBUG_INFORMATION_FORMAT = "dwarf-with-dsym";
				ENABLE_STRICT_OBJC_MSGSEND = YES;
				GCC_C_LANGUAGE_STANDARD = gnu99;
				GCC_DYNAMIC_NO_PIC = NO;
				GCC_NO_COMMON_BLOCKS = YES;
				GCC_OPTIMIZATION_LEVEL = 0;
				GCC_PREPROCESSOR_DEFINITIONS = (
					"DEBUG=1",
					"$(inherited)",
				);
				GCC_SYMBOLS_PRIVATE_EXTERN = NO;
				GCC_WARN_64_TO_32_BIT_CONVERSION = YES;
				GCC_WARN_ABOUT_RETURN_TYPE = YES_ERROR;
				GCC_WARN_UNDECLARED_SELECTOR = YES;
				GCC_WARN_UNINITIALIZED_AUTOS = YES_AGGRESSIVE;
				GCC_WARN_UNUSED_FUNCTION = YES;
				GCC_WARN_UNUSED_VARIABLE = YES;
				HEADER_SEARCH_PATHS = (
					"$(inherited)",
					/Applications/Xcode.app/Contents/Developer/Toolchains/XcodeDefault.xctoolchain/usr/include,
					/usr/include/libxml2,
				);
				IPHONEOS_DEPLOYMENT_TARGET = 8.3;
				MTL_ENABLE_DEBUG_INFO = YES;
				ONLY_ACTIVE_ARCH = YES;
				SDKROOT = iphoneos;
			};
			name = Debug;
		};
		BC9934C51B183D9000080DD4 /* Release */ = {
			isa = XCBuildConfiguration;
			buildSettings = {
				ALWAYS_SEARCH_USER_PATHS = NO;
				CLANG_CXX_LANGUAGE_STANDARD = "gnu++0x";
				CLANG_CXX_LIBRARY = "libc++";
				CLANG_ENABLE_MODULES = YES;
				CLANG_ENABLE_OBJC_ARC = NO;
				CLANG_WARN_BOOL_CONVERSION = YES;
				CLANG_WARN_CONSTANT_CONVERSION = YES;
				CLANG_WARN_DIRECT_OBJC_ISA_USAGE = YES_ERROR;
				CLANG_WARN_EMPTY_BODY = YES;
				CLANG_WARN_ENUM_CONVERSION = YES;
				CLANG_WARN_INT_CONVERSION = YES;
				CLANG_WARN_OBJC_ROOT_CLASS = YES_ERROR;
				CLANG_WARN_UNREACHABLE_CODE = YES;
				CLANG_WARN__DUPLICATE_METHOD_MATCH = YES;
				"CODE_SIGN_IDENTITY[sdk=iphoneos*]" = "iPhone Developer";
				COPY_PHASE_STRIP = NO;
				DEBUG_INFORMATION_FORMAT = "dwarf-with-dsym";
				ENABLE_NS_ASSERTIONS = NO;
				ENABLE_STRICT_OBJC_MSGSEND = YES;
				GCC_C_LANGUAGE_STANDARD = gnu99;
				GCC_NO_COMMON_BLOCKS = YES;
				GCC_WARN_64_TO_32_BIT_CONVERSION = YES;
				GCC_WARN_ABOUT_RETURN_TYPE = YES_ERROR;
				GCC_WARN_UNDECLARED_SELECTOR = YES;
				GCC_WARN_UNINITIALIZED_AUTOS = YES_AGGRESSIVE;
				GCC_WARN_UNUSED_FUNCTION = YES;
				GCC_WARN_UNUSED_VARIABLE = YES;
				HEADER_SEARCH_PATHS = (
					"$(inherited)",
					/Applications/Xcode.app/Contents/Developer/Toolchains/XcodeDefault.xctoolchain/usr/include,
					/usr/include/libxml2,
				);
				IPHONEOS_DEPLOYMENT_TARGET = 8.3;
				MTL_ENABLE_DEBUG_INFO = NO;
				SDKROOT = iphoneos;
				VALIDATE_PRODUCT = YES;
			};
			name = Release;
		};
		BC9934C71B183D9000080DD4 /* Debug */ = {
			isa = XCBuildConfiguration;
			buildSettings = {
				ASSETCATALOG_COMPILER_APPICON_NAME = AppIcon;
				CLANG_ENABLE_OBJC_ARC = NO;
				INFOPLIST_FILE = "MRC_开源中国/Info.plist";
				LD_RUNPATH_SEARCH_PATHS = "$(inherited) @executable_path/Frameworks";
				PRODUCT_NAME = "$(TARGET_NAME)";
			};
			name = Debug;
		};
		BC9934C81B183D9000080DD4 /* Release */ = {
			isa = XCBuildConfiguration;
			buildSettings = {
				ASSETCATALOG_COMPILER_APPICON_NAME = AppIcon;
				CLANG_ENABLE_OBJC_ARC = NO;
				INFOPLIST_FILE = "MRC_开源中国/Info.plist";
				LD_RUNPATH_SEARCH_PATHS = "$(inherited) @executable_path/Frameworks";
				PRODUCT_NAME = "$(TARGET_NAME)";
			};
			name = Release;
		};
		BC9934CA1B183D9000080DD4 /* Debug */ = {
			isa = XCBuildConfiguration;
			buildSettings = {
				BUNDLE_LOADER = "$(TEST_HOST)";
				FRAMEWORK_SEARCH_PATHS = (
					"$(SDKROOT)/Developer/Library/Frameworks",
					"$(inherited)",
				);
				GCC_PREPROCESSOR_DEFINITIONS = (
					"DEBUG=1",
					"$(inherited)",
				);
				INFOPLIST_FILE = "MRC_开源中国Tests/Info.plist";
				LD_RUNPATH_SEARCH_PATHS = "$(inherited) @executable_path/Frameworks @loader_path/Frameworks";
				PRODUCT_NAME = "$(TARGET_NAME)";
				TEST_HOST = "$(BUILT_PRODUCTS_DIR)/MRC_开源中国.app/MRC_开源中国";
			};
			name = Debug;
		};
		BC9934CB1B183D9000080DD4 /* Release */ = {
			isa = XCBuildConfiguration;
			buildSettings = {
				BUNDLE_LOADER = "$(TEST_HOST)";
				FRAMEWORK_SEARCH_PATHS = (
					"$(SDKROOT)/Developer/Library/Frameworks",
					"$(inherited)",
				);
				INFOPLIST_FILE = "MRC_开源中国Tests/Info.plist";
				LD_RUNPATH_SEARCH_PATHS = "$(inherited) @executable_path/Frameworks @loader_path/Frameworks";
				PRODUCT_NAME = "$(TARGET_NAME)";
				TEST_HOST = "$(BUILT_PRODUCTS_DIR)/MRC_开源中国.app/MRC_开源中国";
			};
			name = Release;
		};
/* End XCBuildConfiguration section */

/* Begin XCConfigurationList section */
		BC99349E1B183D9000080DD4 /* Build configuration list for PBXProject "MRC_开源中国" */ = {
			isa = XCConfigurationList;
			buildConfigurations = (
				BC9934C41B183D9000080DD4 /* Debug */,
				BC9934C51B183D9000080DD4 /* Release */,
			);
			defaultConfigurationIsVisible = 0;
			defaultConfigurationName = Release;
		};
		BC9934C61B183D9000080DD4 /* Build configuration list for PBXNativeTarget "MRC_开源中国" */ = {
			isa = XCConfigurationList;
			buildConfigurations = (
				BC9934C71B183D9000080DD4 /* Debug */,
				BC9934C81B183D9000080DD4 /* Release */,
			);
			defaultConfigurationIsVisible = 0;
		};
		BC9934C91B183D9000080DD4 /* Build configuration list for PBXNativeTarget "MRC_开源中国Tests" */ = {
			isa = XCConfigurationList;
			buildConfigurations = (
				BC9934CA1B183D9000080DD4 /* Debug */,
				BC9934CB1B183D9000080DD4 /* Release */,
			);
			defaultConfigurationIsVisible = 0;
		};
/* End XCConfigurationList section */
	};
	rootObject = BC99349B1B183D9000080DD4 /* Project object */;
}
